
Microsoft Visual Studio Solution File, Format Version 12.00
# Visual Studio Version 17
VisualStudioVersion = 17.3.32825.248
MinimumVisualStudioVersion = 10.0.40219.1
Project("{8BC9CEB8-8B4A-11D0-8D11-00A0C91BC942}") = "Es_un_arbol_AVL", "Es_un_arbol_AVL\Es_un_arbol_AVL.vcxproj", "{2EE8C554-3C7D-42C5-8614-50F41C9B249A}"
EndProject
Project("{8BC9CEB8-8B4A-11D0-8D11-00A0C91BC942}") = "Lo_que_cuesta_sumar", "Lo_que_cuesta_sumar\Lo_que_cuesta_sumar.vcxproj", "{626FB023-A596-4840-A722-72112AD3EE18}"
EndProject
Project("{8BC9CEB8-8B4A-11D0-8D11-00A0C91BC942}") = "Unidad_Curiosa_de_Monitorizacion", "Unidad_Curiosa_de_Monitorizacion\Unidad_Curiosa_de_Monitorizacion.vcxproj", "{F38C7261-38B8-4AC6-B6BC-4C2CE1112F75}"
EndProject
Project("{8BC9CEB8-8B4A-11D0-8D11-00A0C91BC942}") = "k-esimo_menor_elemento", "k-esimo_menor_elemento\k-esimo_menor_elemento.vcxproj", "{ED3BED06-4A44-44A1-BAAA-4368C903C4AE}"
EndProject
Project("{8BC9CEB8-8B4A-11D0-8D11-00A0C91BC942}") = "Ordenando_a_los_pacientes_en_urgencias", "Ordenando_a_los_pacientes_en_urgencias\Ordenando_a_los_pacientes_en_urgencias.vcxproj", "{99A68D69-6802-4C46-88CB-877A241C7086}"
EndProject
Project("{8BC9CEB8-8B4A-11D0-8D11-00A0C91BC942}") = "Multitarea", "Multitarea\Multitarea.vcxproj", "{1C0AD2A0-73A3-45FB-88D6-EA8A7111B086}"
EndProject
Project("{8BC9CEB8-8B4A-11D0-8D11-00A0C91BC942}") = "La_ley_D'Hondt", "La_ley_D'Hondt\La_ley_D'Hondt.vcxproj", "{226F915B-7407-4C06-A33C-6346EC00CEA8}"
EndProject
Project("{8BC9CEB8-8B4A-11D0-8D11-00A0C91BC942}") = "Reina_del_super", "Reina_del_super\Reina_del_super.vcxproj", "{0A4BCCF2-D8A0-45CD-BA9E-094E9D23E5D2}"
EndProject
Project("{8BC9CEB8-8B4A-11D0-8D11-00A0C91BC942}") = "Pajaros_en_vuelo", "Pajaros_en_vuelo\Pajaros_en_vuelo.vcxproj", "{4EF6A477-0401-404B-9FB0-6FA1E508EB42}"
EndProject
Project("{8BC9CEB8-8B4A-11D0-8D11-00A0C91BC942}") = "Volando_drones", "Volando_drones\Volando_drones.vcxproj", "{D128C14F-5AB6-4008-9025-F0A025E79170}"
EndProject
Project("{8BC9CEB8-8B4A-11D0-8D11-00A0C91BC942}") = "Tridente_de_temas_candentes", "Tridente_de_temas_candentes\Tridente_de_temas_candentes.vcxproj", "{1CEED807-1B2C-495C-B03F-05A7223C921E}"
EndProject
Project("{8BC9CEB8-8B4A-11D0-8D11-00A0C91BC942}") = "Peaje_a_la_sombra", "Peaje_a_la_sombra\Peaje_a_la_sombra.vcxproj", "{A1A37D22-F81B-4678-8A4A-9FEEECDEAB97}"
EndProject
Project("{8BC9CEB8-8B4A-11D0-8D11-00A0C91BC942}") = "Recorriendo el archipiélago en bicicleta", "Recorriendo el archipiélago en bicicleta\Recorriendo el archipiélago en bicicleta.vcxproj", "{FD81C014-864E-4839-89AE-6D2F477D9477}"
EndProject
Project("{8BC9CEB8-8B4A-11D0-8D11-00A0C91BC942}") = "Dónde construimos los aeropuertos", "Dónde construimos los aeropuertos\Dónde construimos los aeropuertos.vcxproj", "{65854B3C-36F3-40D3-9B1D-310509FF70F7}"
EndProject
Project("{8BC9CEB8-8B4A-11D0-8D11-00A0C91BC942}") = "Camiones de reparto", "Camiones de reparto\Camiones de reparto.vcxproj", "{DE280AE7-ECCF-430B-82F4-2AFA448CFBB2}"
EndProject
Project("{8BC9CEB8-8B4A-11D0-8D11-00A0C91BC942}") = "Petroleros Hundidos", "Petroleros Hundidos\Petroleros Hundidos.vcxproj", "{C0CB762B-45B2-4B1F-9CAF-354E85AB3E18}"
EndProject
Project("{8BC9CEB8-8B4A-11D0-8D11-00A0C91BC942}") = "La autonomía de los coches", "La autonomía de los coches\La autonomía de los coches.vcxproj", "{ED32C209-B88E-4F19-A904-AC6A47A2413B}"
EndProject
Project("{8BC9CEB8-8B4A-11D0-8D11-00A0C91BC942}") = "La venganza del quiosquero", "La venganza del quiosquero\La venganza del quiosquero.vcxproj", "{3066CD39-6332-4AAE-B080-11E9A2E912DA}"
EndProject
Global
	GlobalSection(SolutionConfigurationPlatforms) = preSolution
		Debug|x64 = Debug|x64
		Debug|x86 = Debug|x86
		Release|x64 = Release|x64
		Release|x86 = Release|x86
	EndGlobalSection
	GlobalSection(ProjectConfigurationPlatforms) = postSolution
		{2EE8C554-3C7D-42C5-8614-50F41C9B249A}.Debug|x64.ActiveCfg = Debug|x64
		{2EE8C554-3C7D-42C5-8614-50F41C9B249A}.Debug|x64.Build.0 = Debug|x64
		{2EE8C554-3C7D-42C5-8614-50F41C9B249A}.Debug|x86.ActiveCfg = Debug|Win32
		{2EE8C554-3C7D-42C5-8614-50F41C9B249A}.Debug|x86.Build.0 = Debug|Win32
		{2EE8C554-3C7D-42C5-8614-50F41C9B249A}.Release|x64.ActiveCfg = Release|x64
		{2EE8C554-3C7D-42C5-8614-50F41C9B249A}.Release|x64.Build.0 = Release|x64
		{2EE8C554-3C7D-42C5-8614-50F41C9B249A}.Release|x86.ActiveCfg = Release|Win32
		{2EE8C554-3C7D-42C5-8614-50F41C9B249A}.Release|x86.Build.0 = Release|Win32
		{626FB023-A596-4840-A722-72112AD3EE18}.Debug|x64.ActiveCfg = Debug|x64
		{626FB023-A596-4840-A722-72112AD3EE18}.Debug|x64.Build.0 = Debug|x64
		{626FB023-A596-4840-A722-72112AD3EE18}.Debug|x86.ActiveCfg = Debug|Win32
		{626FB023-A596-4840-A722-72112AD3EE18}.Debug|x86.Build.0 = Debug|Win32
		{626FB023-A596-4840-A722-72112AD3EE18}.Release|x64.ActiveCfg = Release|x64
		{626FB023-A596-4840-A722-72112AD3EE18}.Release|x64.Build.0 = Release|x64
		{626FB023-A596-4840-A722-72112AD3EE18}.Release|x86.ActiveCfg = Release|Win32
		{626FB023-A596-4840-A722-72112AD3EE18}.Release|x86.Build.0 = Release|Win32
		{F38C7261-38B8-4AC6-B6BC-4C2CE1112F75}.Debug|x64.ActiveCfg = Debug|x64
		{F38C7261-38B8-4AC6-B6BC-4C2CE1112F75}.Debug|x64.Build.0 = Debug|x64
		{F38C7261-38B8-4AC6-B6BC-4C2CE1112F75}.Debug|x86.ActiveCfg = Debug|Win32
		{F38C7261-38B8-4AC6-B6BC-4C2CE1112F75}.Debug|x86.Build.0 = Debug|Win32
		{F38C7261-38B8-4AC6-B6BC-4C2CE1112F75}.Release|x64.ActiveCfg = Release|x64
		{F38C7261-38B8-4AC6-B6BC-4C2CE1112F75}.Release|x64.Build.0 = Release|x64
		{F38C7261-38B8-4AC6-B6BC-4C2CE1112F75}.Release|x86.ActiveCfg = Release|Win32
		{F38C7261-38B8-4AC6-B6BC-4C2CE1112F75}.Release|x86.Build.0 = Release|Win32
		{ED3BED06-4A44-44A1-BAAA-4368C903C4AE}.Debug|x64.ActiveCfg = Debug|x64
		{ED3BED06-4A44-44A1-BAAA-4368C903C4AE}.Debug|x64.Build.0 = Debug|x64
		{ED3BED06-4A44-44A1-BAAA-4368C903C4AE}.Debug|x86.ActiveCfg = Debug|Win32
		{ED3BED06-4A44-44A1-BAAA-4368C903C4AE}.Debug|x86.Build.0 = Debug|Win32
		{ED3BED06-4A44-44A1-BAAA-4368C903C4AE}.Release|x64.ActiveCfg = Release|x64
		{ED3BED06-4A44-44A1-BAAA-4368C903C4AE}.Release|x64.Build.0 = Release|x64
		{ED3BED06-4A44-44A1-BAAA-4368C903C4AE}.Release|x86.ActiveCfg = Release|Win32
		{ED3BED06-4A44-44A1-BAAA-4368C903C4AE}.Release|x86.Build.0 = Release|Win32
		{99A68D69-6802-4C46-88CB-877A241C7086}.Debug|x64.ActiveCfg = Debug|x64
		{99A68D69-6802-4C46-88CB-877A241C7086}.Debug|x64.Build.0 = Debug|x64
		{99A68D69-6802-4C46-88CB-877A241C7086}.Debug|x86.ActiveCfg = Debug|Win32
		{99A68D69-6802-4C46-88CB-877A241C7086}.Debug|x86.Build.0 = Debug|Win32
		{99A68D69-6802-4C46-88CB-877A241C7086}.Release|x64.ActiveCfg = Release|x64
		{99A68D69-6802-4C46-88CB-877A241C7086}.Release|x64.Build.0 = Release|x64
		{99A68D69-6802-4C46-88CB-877A241C7086}.Release|x86.ActiveCfg = Release|Win32
		{99A68D69-6802-4C46-88CB-877A241C7086}.Release|x86.Build.0 = Release|Win32
		{1C0AD2A0-73A3-45FB-88D6-EA8A7111B086}.Debug|x64.ActiveCfg = Debug|x64
		{1C0AD2A0-73A3-45FB-88D6-EA8A7111B086}.Debug|x64.Build.0 = Debug|x64
		{1C0AD2A0-73A3-45FB-88D6-EA8A7111B086}.Debug|x86.ActiveCfg = Debug|Win32
		{1C0AD2A0-73A3-45FB-88D6-EA8A7111B086}.Debug|x86.Build.0 = Debug|Win32
		{1C0AD2A0-73A3-45FB-88D6-EA8A7111B086}.Release|x64.ActiveCfg = Release|x64
		{1C0AD2A0-73A3-45FB-88D6-EA8A7111B086}.Release|x64.Build.0 = Release|x64
		{1C0AD2A0-73A3-45FB-88D6-EA8A7111B086}.Release|x86.ActiveCfg = Release|Win32
		{1C0AD2A0-73A3-45FB-88D6-EA8A7111B086}.Release|x86.Build.0 = Release|Win32
		{226F915B-7407-4C06-A33C-6346EC00CEA8}.Debug|x64.ActiveCfg = Debug|x64
		{226F915B-7407-4C06-A33C-6346EC00CEA8}.Debug|x64.Build.0 = Debug|x64
		{226F915B-7407-4C06-A33C-6346EC00CEA8}.Debug|x86.ActiveCfg = Debug|Win32
		{226F915B-7407-4C06-A33C-6346EC00CEA8}.Debug|x86.Build.0 = Debug|Win32
		{226F915B-7407-4C06-A33C-6346EC00CEA8}.Release|x64.ActiveCfg = Release|x64
		{226F915B-7407-4C06-A33C-6346EC00CEA8}.Release|x64.Build.0 = Release|x64
		{226F915B-7407-4C06-A33C-6346EC00CEA8}.Release|x86.ActiveCfg = Release|Win32
		{226F915B-7407-4C06-A33C-6346EC00CEA8}.Release|x86.Build.0 = Release|Win32
		{0A4BCCF2-D8A0-45CD-BA9E-094E9D23E5D2}.Debug|x64.ActiveCfg = Debug|x64
		{0A4BCCF2-D8A0-45CD-BA9E-094E9D23E5D2}.Debug|x64.Build.0 = Debug|x64
		{0A4BCCF2-D8A0-45CD-BA9E-094E9D23E5D2}.Debug|x86.ActiveCfg = Debug|Win32
		{0A4BCCF2-D8A0-45CD-BA9E-094E9D23E5D2}.Debug|x86.Build.0 = Debug|Win32
		{0A4BCCF2-D8A0-45CD-BA9E-094E9D23E5D2}.Release|x64.ActiveCfg = Release|x64
		{0A4BCCF2-D8A0-45CD-BA9E-094E9D23E5D2}.Release|x64.Build.0 = Release|x64
		{0A4BCCF2-D8A0-45CD-BA9E-094E9D23E5D2}.Release|x86.ActiveCfg = Release|Win32
		{0A4BCCF2-D8A0-45CD-BA9E-094E9D23E5D2}.Release|x86.Build.0 = Release|Win32
		{4EF6A477-0401-404B-9FB0-6FA1E508EB42}.Debug|x64.ActiveCfg = Debug|x64
		{4EF6A477-0401-404B-9FB0-6FA1E508EB42}.Debug|x64.Build.0 = Debug|x64
		{4EF6A477-0401-404B-9FB0-6FA1E508EB42}.Debug|x86.ActiveCfg = Debug|Win32
		{4EF6A477-0401-404B-9FB0-6FA1E508EB42}.Debug|x86.Build.0 = Debug|Win32
		{4EF6A477-0401-404B-9FB0-6FA1E508EB42}.Release|x64.ActiveCfg = Release|x64
		{4EF6A477-0401-404B-9FB0-6FA1E508EB42}.Release|x64.Build.0 = Release|x64
		{4EF6A477-0401-404B-9FB0-6FA1E508EB42}.Release|x86.ActiveCfg = Release|Win32
		{4EF6A477-0401-404B-9FB0-6FA1E508EB42}.Release|x86.Build.0 = Release|Win32
		{D128C14F-5AB6-4008-9025-F0A025E79170}.Debug|x64.ActiveCfg = Debug|x64
		{D128C14F-5AB6-4008-9025-F0A025E79170}.Debug|x64.Build.0 = Debug|x64
		{D128C14F-5AB6-4008-9025-F0A025E79170}.Debug|x86.ActiveCfg = Debug|Win32
		{D128C14F-5AB6-4008-9025-F0A025E79170}.Debug|x86.Build.0 = Debug|Win32
		{D128C14F-5AB6-4008-9025-F0A025E79170}.Release|x64.ActiveCfg = Release|x64
		{D128C14F-5AB6-4008-9025-F0A025E79170}.Release|x64.Build.0 = Release|x64
		{D128C14F-5AB6-4008-9025-F0A025E79170}.Release|x86.ActiveCfg = Release|Win32
		{D128C14F-5AB6-4008-9025-F0A025E79170}.Release|x86.Build.0 = Release|Win32
		{1CEED807-1B2C-495C-B03F-05A7223C921E}.Debug|x64.ActiveCfg = Debug|x64
		{1CEED807-1B2C-495C-B03F-05A7223C921E}.Debug|x64.Build.0 = Debug|x64
		{1CEED807-1B2C-495C-B03F-05A7223C921E}.Debug|x86.ActiveCfg = Debug|Win32
		{1CEED807-1B2C-495C-B03F-05A7223C921E}.Debug|x86.Build.0 = Debug|Win32
		{1CEED807-1B2C-495C-B03F-05A7223C921E}.Release|x64.ActiveCfg = Release|x64
		{1CEED807-1B2C-495C-B03F-05A7223C921E}.Release|x64.Build.0 = Release|x64
		{1CEED807-1B2C-495C-B03F-05A7223C921E}.Release|x86.ActiveCfg = Release|Win32
		{1CEED807-1B2C-495C-B03F-05A7223C921E}.Release|x86.Build.0 = Release|Win32
		{A1A37D22-F81B-4678-8A4A-9FEEECDEAB97}.Debug|x64.ActiveCfg = Debug|x64
		{A1A37D22-F81B-4678-8A4A-9FEEECDEAB97}.Debug|x64.Build.0 = Debug|x64
		{A1A37D22-F81B-4678-8A4A-9FEEECDEAB97}.Debug|x86.ActiveCfg = Debug|Win32
		{A1A37D22-F81B-4678-8A4A-9FEEECDEAB97}.Debug|x86.Build.0 = Debug|Win32
		{A1A37D22-F81B-4678-8A4A-9FEEECDEAB97}.Release|x64.ActiveCfg = Release|x64
		{A1A37D22-F81B-4678-8A4A-9FEEECDEAB97}.Release|x64.Build.0 = Release|x64
		{A1A37D22-F81B-4678-8A4A-9FEEECDEAB97}.Release|x86.ActiveCfg = Release|Win32
		{A1A37D22-F81B-4678-8A4A-9FEEECDEAB97}.Release|x86.Build.0 = Release|Win32
		{FD81C014-864E-4839-89AE-6D2F477D9477}.Debug|x64.ActiveCfg = Debug|x64
		{FD81C014-864E-4839-89AE-6D2F477D9477}.Debug|x64.Build.0 = Debug|x64
		{FD81C014-864E-4839-89AE-6D2F477D9477}.Debug|x86.ActiveCfg = Debug|Win32
		{FD81C014-864E-4839-89AE-6D2F477D9477}.Debug|x86.Build.0 = Debug|Win32
		{FD81C014-864E-4839-89AE-6D2F477D9477}.Release|x64.ActiveCfg = Release|x64
		{FD81C014-864E-4839-89AE-6D2F477D9477}.Release|x64.Build.0 = Release|x64
		{FD81C014-864E-4839-89AE-6D2F477D9477}.Release|x86.ActiveCfg = Release|Win32
		{FD81C014-864E-4839-89AE-6D2F477D9477}.Release|x86.Build.0 = Release|Win32
		{65854B3C-36F3-40D3-9B1D-310509FF70F7}.Debug|x64.ActiveCfg = Debug|x64
		{65854B3C-36F3-40D3-9B1D-310509FF70F7}.Debug|x64.Build.0 = Debug|x64
		{65854B3C-36F3-40D3-9B1D-310509FF70F7}.Debug|x86.ActiveCfg = Debug|Win32
		{65854B3C-36F3-40D3-9B1D-310509FF70F7}.Debug|x86.Build.0 = Debug|Win32
		{65854B3C-36F3-40D3-9B1D-310509FF70F7}.Release|x64.ActiveCfg = Release|x64
		{65854B3C-36F3-40D3-9B1D-310509FF70F7}.Release|x64.Build.0 = Release|x64
		{65854B3C-36F3-40D3-9B1D-310509FF70F7}.Release|x86.ActiveCfg = Release|Win32
		{65854B3C-36F3-40D3-9B1D-310509FF70F7}.Release|x86.Build.0 = Release|Win32
		{DE280AE7-ECCF-430B-82F4-2AFA448CFBB2}.Debug|x64.ActiveCfg = Debug|x64
		{DE280AE7-ECCF-430B-82F4-2AFA448CFBB2}.Debug|x64.Build.0 = Debug|x64
		{DE280AE7-ECCF-430B-82F4-2AFA448CFBB2}.Debug|x86.ActiveCfg = Debug|Win32
		{DE280AE7-ECCF-430B-82F4-2AFA448CFBB2}.Debug|x86.Build.0 = Debug|Win32
		{DE280AE7-ECCF-430B-82F4-2AFA448CFBB2}.Release|x64.ActiveCfg = Release|x64
		{DE280AE7-ECCF-430B-82F4-2AFA448CFBB2}.Release|x64.Build.0 = Release|x64
		{DE280AE7-ECCF-430B-82F4-2AFA448CFBB2}.Release|x86.ActiveCfg = Release|Win32
		{DE280AE7-ECCF-430B-82F4-2AFA448CFBB2}.Release|x86.Build.0 = Release|Win32
		{C0CB762B-45B2-4B1F-9CAF-354E85AB3E18}.Debug|x64.ActiveCfg = Debug|x64
		{C0CB762B-45B2-4B1F-9CAF-354E85AB3E18}.Debug|x64.Build.0 = Debug|x64
		{C0CB762B-45B2-4B1F-9CAF-354E85AB3E18}.Debug|x86.ActiveCfg = Debug|Win32
		{C0CB762B-45B2-4B1F-9CAF-354E85AB3E18}.Debug|x86.Build.0 = Debug|Win32
		{C0CB762B-45B2-4B1F-9CAF-354E85AB3E18}.Release|x64.ActiveCfg = Release|x64
		{C0CB762B-45B2-4B1F-9CAF-354E85AB3E18}.Release|x64.Build.0 = Release|x64
		{C0CB762B-45B2-4B1F-9CAF-354E85AB3E18}.Release|x86.ActiveCfg = Release|Win32
		{C0CB762B-45B2-4B1F-9CAF-354E85AB3E18}.Release|x86.Build.0 = Release|Win32
		{ED32C209-B88E-4F19-A904-AC6A47A2413B}.Debug|x64.ActiveCfg = Debug|x64
		{ED32C209-B88E-4F19-A904-AC6A47A2413B}.Debug|x64.Build.0 = Debug|x64
		{ED32C209-B88E-4F19-A904-AC6A47A2413B}.Debug|x86.ActiveCfg = Debug|Win32
		{ED32C209-B88E-4F19-A904-AC6A47A2413B}.Debug|x86.Build.0 = Debug|Win32
		{ED32C209-B88E-4F19-A904-AC6A47A2413B}.Release|x64.ActiveCfg = Release|x64
		{ED32C209-B88E-4F19-A904-AC6A47A2413B}.Release|x64.Build.0 = Release|x64
		{ED32C209-B88E-4F19-A904-AC6A47A2413B}.Release|x86.ActiveCfg = Release|Win32
		{ED32C209-B88E-4F19-A904-AC6A47A2413B}.Release|x86.Build.0 = Release|Win32
		{3066CD39-6332-4AAE-B080-11E9A2E912DA}.Debug|x64.ActiveCfg = Debug|x64
		{3066CD39-6332-4AAE-B080-11E9A2E912DA}.Debug|x64.Build.0 = Debug|x64
		{3066CD39-6332-4AAE-B080-11E9A2E912DA}.Debug|x86.ActiveCfg = Debug|Win32
		{3066CD39-6332-4AAE-B080-11E9A2E912DA}.Debug|x86.Build.0 = Debug|Win32
		{3066CD39-6332-4AAE-B080-11E9A2E912DA}.Release|x64.ActiveCfg = Release|x64
		{3066CD39-6332-4AAE-B080-11E9A2E912DA}.Release|x64.Build.0 = Release|x64
		{3066CD39-6332-4AAE-B080-11E9A2E912DA}.Release|x86.ActiveCfg = Release|Win32
		{3066CD39-6332-4AAE-B080-11E9A2E912DA}.Release|x86.Build.0 = Release|Win32
	EndGlobalSection
	GlobalSection(SolutionProperties) = preSolution
		HideSolutionNode = FALSE
	EndGlobalSection
	GlobalSection(ExtensibilityGlobals) = postSolution
		SolutionGuid = {8D2EF35A-3AA7-4298-8ABF-9360A12E7AC3}
	EndGlobalSection
EndGlobal
